// !$*UTF8*$!
{
	archiveVersion = 1;
	classes = {
	};
	objectVersion = 51;
	objects = {

/* Begin PBXBuildFile section */
		59358CB325205E17004E39F7 /* AppDelegate.swift in Sources */ = {isa = PBXBuildFile; fileRef = 59358CB225205E17004E39F7 /* AppDelegate.swift */; };
		59358CB525205E17004E39F7 /* SceneDelegate.swift in Sources */ = {isa = PBXBuildFile; fileRef = 59358CB425205E17004E39F7 /* SceneDelegate.swift */; };
		59358CBC25205E17004E39F7 /* Assets.xcassets in Resources */ = {isa = PBXBuildFile; fileRef = 59358CBB25205E17004E39F7 /* Assets.xcassets */; };
		59358CBF25205E17004E39F7 /* LaunchScreen.storyboard in Resources */ = {isa = PBXBuildFile; fileRef = 59358CBD25205E17004E39F7 /* LaunchScreen.storyboard */; };
		59358CCA25205E17004E39F7 /* TodaysInabaMVPTests.swift in Sources */ = {isa = PBXBuildFile; fileRef = 59358CC925205E17004E39F7 /* TodaysInabaMVPTests.swift */; };
		59358CD525205E17004E39F7 /* TodaysInabaMVPUITests.swift in Sources */ = {isa = PBXBuildFile; fileRef = 59358CD425205E17004E39F7 /* TodaysInabaMVPUITests.swift */; };
		59B383642532048B00EA3E20 /* Extension+Storyboard.swift in Sources */ = {isa = PBXBuildFile; fileRef = 59B383632532048B00EA3E20 /* Extension+Storyboard.swift */; };
		59B383892532055000EA3E20 /* UserDefaultsModel.swift in Sources */ = {isa = PBXBuildFile; fileRef = 59B383852532055000EA3E20 /* UserDefaultsModel.swift */; };
		59B3838A2532055000EA3E20 /* GoogleData.swift in Sources */ = {isa = PBXBuildFile; fileRef = 59B383862532055000EA3E20 /* GoogleData.swift */; };
		59B3838B2532055000EA3E20 /* APIModel.swift in Sources */ = {isa = PBXBuildFile; fileRef = 59B383872532055000EA3E20 /* APIModel.swift */; };
		59B3838C2532055000EA3E20 /* API.swift in Sources */ = {isa = PBXBuildFile; fileRef = 59B383882532055000EA3E20 /* API.swift */; };
		59B383A42532058300EA3E20 /* ViewController.swift in Sources */ = {isa = PBXBuildFile; fileRef = 59B383952532058300EA3E20 /* ViewController.swift */; };
		59B383A52532058300EA3E20 /* Main.storyboard in Resources */ = {isa = PBXBuildFile; fileRef = 59B383962532058300EA3E20 /* Main.storyboard */; };
		59B383A62532058300EA3E20 /* ResultViewController.swift in Sources */ = {isa = PBXBuildFile; fileRef = 59B383992532058300EA3E20 /* ResultViewController.swift */; };
		59B383A72532058300EA3E20 /* ResultViewController.storyboard in Resources */ = {isa = PBXBuildFile; fileRef = 59B3839A2532058300EA3E20 /* ResultViewController.storyboard */; };
		59B383A82532058300EA3E20 /* HistoryView.swift in Sources */ = {isa = PBXBuildFile; fileRef = 59B3839C2532058300EA3E20 /* HistoryView.swift */; };
		59B383A92532058300EA3E20 /* TopPresenter.swift in Sources */ = {isa = PBXBuildFile; fileRef = 59B3839F2532058300EA3E20 /* TopPresenter.swift */; };
		59B383AA2532058300EA3E20 /* ResultViewModel.swift in Sources */ = {isa = PBXBuildFile; fileRef = 59B383A12532058300EA3E20 /* ResultViewModel.swift */; };
		59B383AB2532058300EA3E20 /* HistoryViewModel.swift in Sources */ = {isa = PBXBuildFile; fileRef = 59B383A32532058300EA3E20 /* HistoryViewModel.swift */; };
		78A8AADFB5AE297B9EA367B5 /* Pods_TodaysInabaMVP.framework in Frameworks */ = {isa = PBXBuildFile; fileRef = BC8476D47B23FB11868057FB /* Pods_TodaysInabaMVP.framework */; };
		ADBA30A590D44BD90BBCCA3D /* Pods_TodaysInabaMVP_TodaysInabaMVPUITests.framework in Frameworks */ = {isa = PBXBuildFile; fileRef = D69C18B56F31D6731CEA20EF /* Pods_TodaysInabaMVP_TodaysInabaMVPUITests.framework */; };
		C2775F38E86AA13972FA5E17 /* Pods_TodaysInabaMVPTests.framework in Frameworks */ = {isa = PBXBuildFile; fileRef = A9656BFD74112767FDA0801D /* Pods_TodaysInabaMVPTests.framework */; };
/* End PBXBuildFile section */

/* Begin PBXContainerItemProxy section */
		59358CC625205E17004E39F7 /* PBXContainerItemProxy */ = {
			isa = PBXContainerItemProxy;
			containerPortal = 59358CA725205E17004E39F7 /* Project object */;
			proxyType = 1;
			remoteGlobalIDString = 59358CAE25205E17004E39F7;
			remoteInfo = TodaysInabaMVP;
		};
		59358CD125205E17004E39F7 /* PBXContainerItemProxy */ = {
			isa = PBXContainerItemProxy;
			containerPortal = 59358CA725205E17004E39F7 /* Project object */;
			proxyType = 1;
			remoteGlobalIDString = 59358CAE25205E17004E39F7;
			remoteInfo = TodaysInabaMVP;
		};
/* End PBXContainerItemProxy section */

/* Begin PBXFileReference section */
		3CF12A0F8869335F107203A3 /* Pods-TodaysInabaMVP.release.xcconfig */ = {isa = PBXFileReference; includeInIndex = 1; lastKnownFileType = text.xcconfig; name = "Pods-TodaysInabaMVP.release.xcconfig"; path = "Target Support Files/Pods-TodaysInabaMVP/Pods-TodaysInabaMVP.release.xcconfig"; sourceTree = "<group>"; };
		59358CAF25205E17004E39F7 /* TodaysInabaMVP.app */ = {isa = PBXFileReference; explicitFileType = wrapper.application; includeInIndex = 0; path = TodaysInabaMVP.app; sourceTree = BUILT_PRODUCTS_DIR; };
		59358CB225205E17004E39F7 /* AppDelegate.swift */ = {isa = PBXFileReference; lastKnownFileType = sourcecode.swift; path = AppDelegate.swift; sourceTree = "<group>"; };
		59358CB425205E17004E39F7 /* SceneDelegate.swift */ = {isa = PBXFileReference; lastKnownFileType = sourcecode.swift; path = SceneDelegate.swift; sourceTree = "<group>"; };
		59358CBB25205E17004E39F7 /* Assets.xcassets */ = {isa = PBXFileReference; lastKnownFileType = folder.assetcatalog; path = Assets.xcassets; sourceTree = "<group>"; };
		59358CBE25205E17004E39F7 /* Base */ = {isa = PBXFileReference; lastKnownFileType = file.storyboard; name = Base; path = Base.lproj/LaunchScreen.storyboard; sourceTree = "<group>"; };
		59358CC025205E17004E39F7 /* Info.plist */ = {isa = PBXFileReference; lastKnownFileType = text.plist.xml; path = Info.plist; sourceTree = "<group>"; };
		59358CC525205E17004E39F7 /* TodaysInabaMVPTests.xctest */ = {isa = PBXFileReference; explicitFileType = wrapper.cfbundle; includeInIndex = 0; path = TodaysInabaMVPTests.xctest; sourceTree = BUILT_PRODUCTS_DIR; };
		59358CC925205E17004E39F7 /* TodaysInabaMVPTests.swift */ = {isa = PBXFileReference; lastKnownFileType = sourcecode.swift; path = TodaysInabaMVPTests.swift; sourceTree = "<group>"; };
		59358CCB25205E17004E39F7 /* Info.plist */ = {isa = PBXFileReference; lastKnownFileType = text.plist.xml; path = Info.plist; sourceTree = "<group>"; };
		59358CD025205E17004E39F7 /* TodaysInabaMVPUITests.xctest */ = {isa = PBXFileReference; explicitFileType = wrapper.cfbundle; includeInIndex = 0; path = TodaysInabaMVPUITests.xctest; sourceTree = BUILT_PRODUCTS_DIR; };
		59358CD425205E17004E39F7 /* TodaysInabaMVPUITests.swift */ = {isa = PBXFileReference; lastKnownFileType = sourcecode.swift; path = TodaysInabaMVPUITests.swift; sourceTree = "<group>"; };
		59358CD625205E17004E39F7 /* Info.plist */ = {isa = PBXFileReference; lastKnownFileType = text.plist.xml; path = Info.plist; sourceTree = "<group>"; };
		59B383632532048B00EA3E20 /* Extension+Storyboard.swift */ = {isa = PBXFileReference; fileEncoding = 4; lastKnownFileType = sourcecode.swift; path = "Extension+Storyboard.swift"; sourceTree = "<group>"; };
		59B383852532055000EA3E20 /* UserDefaultsModel.swift */ = {isa = PBXFileReference; fileEncoding = 4; lastKnownFileType = sourcecode.swift; path = UserDefaultsModel.swift; sourceTree = "<group>"; };
		59B383862532055000EA3E20 /* GoogleData.swift */ = {isa = PBXFileReference; fileEncoding = 4; lastKnownFileType = sourcecode.swift; path = GoogleData.swift; sourceTree = "<group>"; };
		59B383872532055000EA3E20 /* APIModel.swift */ = {isa = PBXFileReference; fileEncoding = 4; lastKnownFileType = sourcecode.swift; path = APIModel.swift; sourceTree = "<group>"; };
		59B383882532055000EA3E20 /* API.swift */ = {isa = PBXFileReference; fileEncoding = 4; lastKnownFileType = sourcecode.swift; path = API.swift; sourceTree = "<group>"; };
		59B383952532058300EA3E20 /* ViewController.swift */ = {isa = PBXFileReference; fileEncoding = 4; lastKnownFileType = sourcecode.swift; path = ViewController.swift; sourceTree = "<group>"; };
		59B383972532058300EA3E20 /* Base */ = {isa = PBXFileReference; lastKnownFileType = file.storyboard; name = Base; path = Base.lproj/Main.storyboard; sourceTree = "<group>"; };
		59B383992532058300EA3E20 /* ResultViewController.swift */ = {isa = PBXFileReference; fileEncoding = 4; lastKnownFileType = sourcecode.swift; path = ResultViewController.swift; sourceTree = "<group>"; };
		59B3839A2532058300EA3E20 /* ResultViewController.storyboard */ = {isa = PBXFileReference; fileEncoding = 4; lastKnownFileType = file.storyboard; path = ResultViewController.storyboard; sourceTree = "<group>"; };
		59B3839C2532058300EA3E20 /* HistoryView.swift */ = {isa = PBXFileReference; fileEncoding = 4; lastKnownFileType = sourcecode.swift; path = HistoryView.swift; sourceTree = "<group>"; };
		59B3839F2532058300EA3E20 /* TopPresenter.swift */ = {isa = PBXFileReference; fileEncoding = 4; lastKnownFileType = sourcecode.swift; path = TopPresenter.swift; sourceTree = "<group>"; };
		59B383A12532058300EA3E20 /* ResultViewModel.swift */ = {isa = PBXFileReference; fileEncoding = 4; lastKnownFileType = sourcecode.swift; path = ResultViewModel.swift; sourceTree = "<group>"; };
		59B383A32532058300EA3E20 /* HistoryViewModel.swift */ = {isa = PBXFileReference; fileEncoding = 4; lastKnownFileType = sourcecode.swift; path = HistoryViewModel.swift; sourceTree = "<group>"; };
		61673666E996E98D199351F1 /* Pods-TodaysInabaMVP-TodaysInabaMVPUITests.release.xcconfig */ = {isa = PBXFileReference; includeInIndex = 1; lastKnownFileType = text.xcconfig; name = "Pods-TodaysInabaMVP-TodaysInabaMVPUITests.release.xcconfig"; path = "Target Support Files/Pods-TodaysInabaMVP-TodaysInabaMVPUITests/Pods-TodaysInabaMVP-TodaysInabaMVPUITests.release.xcconfig"; sourceTree = "<group>"; };
		7B15F72BB010090AE83ECCAC /* Pods-TodaysInabaMVPTests.release.xcconfig */ = {isa = PBXFileReference; includeInIndex = 1; lastKnownFileType = text.xcconfig; name = "Pods-TodaysInabaMVPTests.release.xcconfig"; path = "Target Support Files/Pods-TodaysInabaMVPTests/Pods-TodaysInabaMVPTests.release.xcconfig"; sourceTree = "<group>"; };
		7E757F12B63D21C7B09D491C /* Pods-TodaysInabaMVPTests.debug.xcconfig */ = {isa = PBXFileReference; includeInIndex = 1; lastKnownFileType = text.xcconfig; name = "Pods-TodaysInabaMVPTests.debug.xcconfig"; path = "Target Support Files/Pods-TodaysInabaMVPTests/Pods-TodaysInabaMVPTests.debug.xcconfig"; sourceTree = "<group>"; };
		850F8501F6FD8974CDB4DA7E /* Pods-TodaysInabaMVP-TodaysInabaMVPUITests.debug.xcconfig */ = {isa = PBXFileReference; includeInIndex = 1; lastKnownFileType = text.xcconfig; name = "Pods-TodaysInabaMVP-TodaysInabaMVPUITests.debug.xcconfig"; path = "Target Support Files/Pods-TodaysInabaMVP-TodaysInabaMVPUITests/Pods-TodaysInabaMVP-TodaysInabaMVPUITests.debug.xcconfig"; sourceTree = "<group>"; };
		9E878D094A1B97C82EADC246 /* Pods-TodaysInabaMVP.debug.xcconfig */ = {isa = PBXFileReference; includeInIndex = 1; lastKnownFileType = text.xcconfig; name = "Pods-TodaysInabaMVP.debug.xcconfig"; path = "Target Support Files/Pods-TodaysInabaMVP/Pods-TodaysInabaMVP.debug.xcconfig"; sourceTree = "<group>"; };
		A9656BFD74112767FDA0801D /* Pods_TodaysInabaMVPTests.framework */ = {isa = PBXFileReference; explicitFileType = wrapper.framework; includeInIndex = 0; path = Pods_TodaysInabaMVPTests.framework; sourceTree = BUILT_PRODUCTS_DIR; };
		BC8476D47B23FB11868057FB /* Pods_TodaysInabaMVP.framework */ = {isa = PBXFileReference; explicitFileType = wrapper.framework; includeInIndex = 0; path = Pods_TodaysInabaMVP.framework; sourceTree = BUILT_PRODUCTS_DIR; };
		D69C18B56F31D6731CEA20EF /* Pods_TodaysInabaMVP_TodaysInabaMVPUITests.framework */ = {isa = PBXFileReference; explicitFileType = wrapper.framework; includeInIndex = 0; path = Pods_TodaysInabaMVP_TodaysInabaMVPUITests.framework; sourceTree = BUILT_PRODUCTS_DIR; };
/* End PBXFileReference section */

/* Begin PBXFrameworksBuildPhase section */
		59358CAC25205E17004E39F7 /* Frameworks */ = {
			isa = PBXFrameworksBuildPhase;
			buildActionMask = 2147483647;
			files = (
				78A8AADFB5AE297B9EA367B5 /* Pods_TodaysInabaMVP.framework in Frameworks */,
			);
			runOnlyForDeploymentPostprocessing = 0;
		};
		59358CC225205E17004E39F7 /* Frameworks */ = {
			isa = PBXFrameworksBuildPhase;
			buildActionMask = 2147483647;
			files = (
				C2775F38E86AA13972FA5E17 /* Pods_TodaysInabaMVPTests.framework in Frameworks */,
			);
			runOnlyForDeploymentPostprocessing = 0;
		};
		59358CCD25205E17004E39F7 /* Frameworks */ = {
			isa = PBXFrameworksBuildPhase;
			buildActionMask = 2147483647;
			files = (
				ADBA30A590D44BD90BBCCA3D /* Pods_TodaysInabaMVP_TodaysInabaMVPUITests.framework in Frameworks */,
			);
			runOnlyForDeploymentPostprocessing = 0;
		};
/* End PBXFrameworksBuildPhase section */

/* Begin PBXGroup section */
		24945F17EA08C1E9AE230C53 /* Frameworks */ = {
			isa = PBXGroup;
			children = (
				BC8476D47B23FB11868057FB /* Pods_TodaysInabaMVP.framework */,
				D69C18B56F31D6731CEA20EF /* Pods_TodaysInabaMVP_TodaysInabaMVPUITests.framework */,
				A9656BFD74112767FDA0801D /* Pods_TodaysInabaMVPTests.framework */,
			);
			name = Frameworks;
			sourceTree = "<group>";
		};
		59358CA625205E17004E39F7 = {
			isa = PBXGroup;
			children = (
				59358CB125205E17004E39F7 /* TodaysInabaMVP */,
				59358CC825205E17004E39F7 /* TodaysInabaMVPTests */,
				59358CD325205E17004E39F7 /* TodaysInabaMVPUITests */,
				59358CB025205E17004E39F7 /* Products */,
				8F12B7641206654E7F8D4DEB /* Pods */,
				24945F17EA08C1E9AE230C53 /* Frameworks */,
			);
			sourceTree = "<group>";
		};
		59358CB025205E17004E39F7 /* Products */ = {
			isa = PBXGroup;
			children = (
				59358CAF25205E17004E39F7 /* TodaysInabaMVP.app */,
				59358CC525205E17004E39F7 /* TodaysInabaMVPTests.xctest */,
				59358CD025205E17004E39F7 /* TodaysInabaMVPUITests.xctest */,
			);
			name = Products;
			sourceTree = "<group>";
		};
		59358CB125205E17004E39F7 /* TodaysInabaMVP */ = {
			isa = PBXGroup;
			children = (
				59358CB225205E17004E39F7 /* AppDelegate.swift */,
				59358CB425205E17004E39F7 /* SceneDelegate.swift */,
				59B383632532048B00EA3E20 /* Extension+Storyboard.swift */,
				59B383842532055000EA3E20 /* Model */,
				59B3839D2532058300EA3E20 /* Presenter */,
				59B383932532058300EA3E20 /* View */,
				59358CBB25205E17004E39F7 /* Assets.xcassets */,
				59358CBD25205E17004E39F7 /* LaunchScreen.storyboard */,
				59358CC025205E17004E39F7 /* Info.plist */,
			);
			path = TodaysInabaMVP;
			sourceTree = "<group>";
		};
		59358CC825205E17004E39F7 /* TodaysInabaMVPTests */ = {
			isa = PBXGroup;
			children = (
				59358CC925205E17004E39F7 /* TodaysInabaMVPTests.swift */,
				59358CCB25205E17004E39F7 /* Info.plist */,
			);
			path = TodaysInabaMVPTests;
			sourceTree = "<group>";
		};
		59358CD325205E17004E39F7 /* TodaysInabaMVPUITests */ = {
			isa = PBXGroup;
			children = (
				59358CD425205E17004E39F7 /* TodaysInabaMVPUITests.swift */,
				59358CD625205E17004E39F7 /* Info.plist */,
			);
			path = TodaysInabaMVPUITests;
			sourceTree = "<group>";
		};
		59B383842532055000EA3E20 /* Model */ = {
			isa = PBXGroup;
			children = (
				59B383852532055000EA3E20 /* UserDefaultsModel.swift */,
				59B383862532055000EA3E20 /* GoogleData.swift */,
				59B383872532055000EA3E20 /* APIModel.swift */,
				59B383882532055000EA3E20 /* API.swift */,
			);
			path = Model;
			sourceTree = "<group>";
		};
		59B383932532058300EA3E20 /* View */ = {
			isa = PBXGroup;
			children = (
				59B383942532058300EA3E20 /* Top */,
				59B383982532058300EA3E20 /* Result */,
				59B3839B2532058300EA3E20 /* History */,
			);
			path = View;
			sourceTree = "<group>";
		};
		59B383942532058300EA3E20 /* Top */ = {
			isa = PBXGroup;
			children = (
				59B383952532058300EA3E20 /* ViewController.swift */,
				59B383962532058300EA3E20 /* Main.storyboard */,
			);
			path = Top;
			sourceTree = "<group>";
		};
		59B383982532058300EA3E20 /* Result */ = {
			isa = PBXGroup;
			children = (
				59B383992532058300EA3E20 /* ResultViewController.swift */,
				59B3839A2532058300EA3E20 /* ResultViewController.storyboard */,
			);
			path = Result;
			sourceTree = "<group>";
		};
		59B3839B2532058300EA3E20 /* History */ = {
			isa = PBXGroup;
			children = (
				59B3839C2532058300EA3E20 /* HistoryView.swift */,
			);
			path = History;
			sourceTree = "<group>";
		};
		59B3839D2532058300EA3E20 /* Presenter */ = {
			isa = PBXGroup;
			children = (
				59B3839E2532058300EA3E20 /* Top */,
				59B383A02532058300EA3E20 /* Result */,
				59B383A22532058300EA3E20 /* History */,
			);
			path = Presenter;
			sourceTree = "<group>";
		};
		59B3839E2532058300EA3E20 /* Top */ = {
			isa = PBXGroup;
			children = (
				59B3839F2532058300EA3E20 /* TopPresenter.swift */,
			);
			path = Top;
			sourceTree = "<group>";
		};
		59B383A02532058300EA3E20 /* Result */ = {
			isa = PBXGroup;
			children = (
				59B383A12532058300EA3E20 /* ResultViewModel.swift */,
			);
			path = Result;
			sourceTree = "<group>";
		};
		59B383A22532058300EA3E20 /* History */ = {
			isa = PBXGroup;
			children = (
				59B383A32532058300EA3E20 /* HistoryViewModel.swift */,
			);
			path = History;
			sourceTree = "<group>";
		};
		8F12B7641206654E7F8D4DEB /* Pods */ = {
			isa = PBXGroup;
			children = (
				9E878D094A1B97C82EADC246 /* Pods-TodaysInabaMVP.debug.xcconfig */,
				3CF12A0F8869335F107203A3 /* Pods-TodaysInabaMVP.release.xcconfig */,
				850F8501F6FD8974CDB4DA7E /* Pods-TodaysInabaMVP-TodaysInabaMVPUITests.debug.xcconfig */,
				61673666E996E98D199351F1 /* Pods-TodaysInabaMVP-TodaysInabaMVPUITests.release.xcconfig */,
				7E757F12B63D21C7B09D491C /* Pods-TodaysInabaMVPTests.debug.xcconfig */,
				7B15F72BB010090AE83ECCAC /* Pods-TodaysInabaMVPTests.release.xcconfig */,
			);
			path = Pods;
			sourceTree = "<group>";
		};
/* End PBXGroup section */

/* Begin PBXNativeTarget section */
		59358CAE25205E17004E39F7 /* TodaysInabaMVP */ = {
			isa = PBXNativeTarget;
			buildConfigurationList = 59358CD925205E17004E39F7 /* Build configuration list for PBXNativeTarget "TodaysInabaMVP" */;
			buildPhases = (
				5A47F807227C893A643E5841 /* [CP] Check Pods Manifest.lock */,
				59358CAB25205E17004E39F7 /* Sources */,
				59358CAC25205E17004E39F7 /* Frameworks */,
				59358CAD25205E17004E39F7 /* Resources */,
				6E974CBB2C9FBDB742ADC96F /* [CP] Embed Pods Frameworks */,
			);
			buildRules = (
			);
			dependencies = (
			);
			name = TodaysInabaMVP;
			productName = TodaysInabaMVP;
			productReference = 59358CAF25205E17004E39F7 /* TodaysInabaMVP.app */;
			productType = "com.apple.product-type.application";
		};
		59358CC425205E17004E39F7 /* TodaysInabaMVPTests */ = {
			isa = PBXNativeTarget;
			buildConfigurationList = 59358CDC25205E17004E39F7 /* Build configuration list for PBXNativeTarget "TodaysInabaMVPTests" */;
			buildPhases = (
				67FCC7F1D500168C3C9AD4FA /* [CP] Check Pods Manifest.lock */,
				59358CC125205E17004E39F7 /* Sources */,
				59358CC225205E17004E39F7 /* Frameworks */,
				59358CC325205E17004E39F7 /* Resources */,
			);
			buildRules = (
			);
			dependencies = (
				59358CC725205E17004E39F7 /* PBXTargetDependency */,
			);
			name = TodaysInabaMVPTests;
			productName = TodaysInabaMVPTests;
			productReference = 59358CC525205E17004E39F7 /* TodaysInabaMVPTests.xctest */;
			productType = "com.apple.product-type.bundle.unit-test";
		};
		59358CCF25205E17004E39F7 /* TodaysInabaMVPUITests */ = {
			isa = PBXNativeTarget;
			buildConfigurationList = 59358CDF25205E17004E39F7 /* Build configuration list for PBXNativeTarget "TodaysInabaMVPUITests" */;
			buildPhases = (
				AA9F5C71F66CA84EB21FA562 /* [CP] Check Pods Manifest.lock */,
				59358CCC25205E17004E39F7 /* Sources */,
				59358CCD25205E17004E39F7 /* Frameworks */,
				59358CCE25205E17004E39F7 /* Resources */,
				569E494D52F4762AAE918595 /* [CP] Embed Pods Frameworks */,
			);
			buildRules = (
			);
			dependencies = (
				59358CD225205E17004E39F7 /* PBXTargetDependency */,
			);
			name = TodaysInabaMVPUITests;
			productName = TodaysInabaMVPUITests;
			productReference = 59358CD025205E17004E39F7 /* TodaysInabaMVPUITests.xctest */;
			productType = "com.apple.product-type.bundle.ui-testing";
		};
/* End PBXNativeTarget section */

/* Begin PBXProject section */
		59358CA725205E17004E39F7 /* Project object */ = {
			isa = PBXProject;
			attributes = {
				LastSwiftUpdateCheck = 1200;
				LastUpgradeCheck = 1200;
				TargetAttributes = {
					59358CAE25205E17004E39F7 = {
						CreatedOnToolsVersion = 12.0;
					};
					59358CC425205E17004E39F7 = {
						CreatedOnToolsVersion = 12.0;
						TestTargetID = 59358CAE25205E17004E39F7;
					};
					59358CCF25205E17004E39F7 = {
						CreatedOnToolsVersion = 12.0;
						TestTargetID = 59358CAE25205E17004E39F7;
					};
				};
			};
			buildConfigurationList = 59358CAA25205E17004E39F7 /* Build configuration list for PBXProject "TodaysInabaMVP" */;
			compatibilityVersion = "Xcode 9.3";
			developmentRegion = en;
			hasScannedForEncodings = 0;
			knownRegions = (
				en,
				Base,
			);
			mainGroup = 59358CA625205E17004E39F7;
			productRefGroup = 59358CB025205E17004E39F7 /* Products */;
			projectDirPath = "";
			projectRoot = "";
			targets = (
				59358CAE25205E17004E39F7 /* TodaysInabaMVP */,
				59358CC425205E17004E39F7 /* TodaysInabaMVPTests */,
				59358CCF25205E17004E39F7 /* TodaysInabaMVPUITests */,
			);
		};
/* End PBXProject section */

/* Begin PBXResourcesBuildPhase section */
		59358CAD25205E17004E39F7 /* Resources */ = {
			isa = PBXResourcesBuildPhase;
			buildActionMask = 2147483647;
			files = (
				59B383A72532058300EA3E20 /* ResultViewController.storyboard in Resources */,
				59B383A52532058300EA3E20 /* Main.storyboard in Resources */,
				59358CBF25205E17004E39F7 /* LaunchScreen.storyboard in Resources */,
				59358CBC25205E17004E39F7 /* Assets.xcassets in Resources */,
			);
			runOnlyForDeploymentPostprocessing = 0;
		};
		59358CC325205E17004E39F7 /* Resources */ = {
			isa = PBXResourcesBuildPhase;
			buildActionMask = 2147483647;
			files = (
			);
			runOnlyForDeploymentPostprocessing = 0;
		};
		59358CCE25205E17004E39F7 /* Resources */ = {
			isa = PBXResourcesBuildPhase;
			buildActionMask = 2147483647;
			files = (
			);
			runOnlyForDeploymentPostprocessing = 0;
		};
/* End PBXResourcesBuildPhase section */

/* Begin PBXShellScriptBuildPhase section */
		569E494D52F4762AAE918595 /* [CP] Embed Pods Frameworks */ = {
			isa = PBXShellScriptBuildPhase;
			buildActionMask = 2147483647;
			files = (
			);
			inputFileListPaths = (
				"${PODS_ROOT}/Target Support Files/Pods-TodaysInabaMVP-TodaysInabaMVPUITests/Pods-TodaysInabaMVP-TodaysInabaMVPUITests-frameworks-${CONFIGURATION}-input-files.xcfilelist",
			);
			name = "[CP] Embed Pods Frameworks";
			outputFileListPaths = (
				"${PODS_ROOT}/Target Support Files/Pods-TodaysInabaMVP-TodaysInabaMVPUITests/Pods-TodaysInabaMVP-TodaysInabaMVPUITests-frameworks-${CONFIGURATION}-output-files.xcfilelist",
			);
			runOnlyForDeploymentPostprocessing = 0;
			shellPath = /bin/sh;
			shellScript = "\"${PODS_ROOT}/Target Support Files/Pods-TodaysInabaMVP-TodaysInabaMVPUITests/Pods-TodaysInabaMVP-TodaysInabaMVPUITests-frameworks.sh\"\n";
			showEnvVarsInLog = 0;
		};
		5A47F807227C893A643E5841 /* [CP] Check Pods Manifest.lock */ = {
			isa = PBXShellScriptBuildPhase;
			buildActionMask = 2147483647;
			files = (
			);
			inputFileListPaths = (
			);
			inputPaths = (
				"${PODS_PODFILE_DIR_PATH}/Podfile.lock",
				"${PODS_ROOT}/Manifest.lock",
			);
			name = "[CP] Check Pods Manifest.lock";
			outputFileListPaths = (
			);
			outputPaths = (
				"$(DERIVED_FILE_DIR)/Pods-TodaysInabaMVP-checkManifestLockResult.txt",
			);
			runOnlyForDeploymentPostprocessing = 0;
			shellPath = /bin/sh;
			shellScript = "diff \"${PODS_PODFILE_DIR_PATH}/Podfile.lock\" \"${PODS_ROOT}/Manifest.lock\" > /dev/null\nif [ $? != 0 ] ; then\n    # print error to STDERR\n    echo \"error: The sandbox is not in sync with the Podfile.lock. Run 'pod install' or update your CocoaPods installation.\" >&2\n    exit 1\nfi\n# This output is used by Xcode 'outputs' to avoid re-running this script phase.\necho \"SUCCESS\" > \"${SCRIPT_OUTPUT_FILE_0}\"\n";
			showEnvVarsInLog = 0;
		};
		67FCC7F1D500168C3C9AD4FA /* [CP] Check Pods Manifest.lock */ = {
			isa = PBXShellScriptBuildPhase;
			buildActionMask = 2147483647;
			files = (
			);
			inputFileListPaths = (
			);
			inputPaths = (
				"${PODS_PODFILE_DIR_PATH}/Podfile.lock",
				"${PODS_ROOT}/Manifest.lock",
			);
			name = "[CP] Check Pods Manifest.lock";
			outputFileListPaths = (
			);
			outputPaths = (
				"$(DERIVED_FILE_DIR)/Pods-TodaysInabaMVPTests-checkManifestLockResult.txt",
			);
			runOnlyForDeploymentPostprocessing = 0;
			shellPath = /bin/sh;
			shellScript = "diff \"${PODS_PODFILE_DIR_PATH}/Podfile.lock\" \"${PODS_ROOT}/Manifest.lock\" > /dev/null\nif [ $? != 0 ] ; then\n    # print error to STDERR\n    echo \"error: The sandbox is not in sync with the Podfile.lock. Run 'pod install' or update your CocoaPods installation.\" >&2\n    exit 1\nfi\n# This output is used by Xcode 'outputs' to avoid re-running this script phase.\necho \"SUCCESS\" > \"${SCRIPT_OUTPUT_FILE_0}\"\n";
			showEnvVarsInLog = 0;
		};
		6E974CBB2C9FBDB742ADC96F /* [CP] Embed Pods Frameworks */ = {
			isa = PBXShellScriptBuildPhase;
			buildActionMask = 2147483647;
			files = (
			);
			inputFileListPaths = (
				"${PODS_ROOT}/Target Support Files/Pods-TodaysInabaMVP/Pods-TodaysInabaMVP-frameworks-${CONFIGURATION}-input-files.xcfilelist",
			);
			name = "[CP] Embed Pods Frameworks";
			outputFileListPaths = (
				"${PODS_ROOT}/Target Support Files/Pods-TodaysInabaMVP/Pods-TodaysInabaMVP-frameworks-${CONFIGURATION}-output-files.xcfilelist",
			);
			runOnlyForDeploymentPostprocessing = 0;
			shellPath = /bin/sh;
			shellScript = "\"${PODS_ROOT}/Target Support Files/Pods-TodaysInabaMVP/Pods-TodaysInabaMVP-frameworks.sh\"\n";
			showEnvVarsInLog = 0;
		};
		AA9F5C71F66CA84EB21FA562 /* [CP] Check Pods Manifest.lock */ = {
			isa = PBXShellScriptBuildPhase;
			buildActionMask = 2147483647;
			files = (
			);
			inputFileListPaths = (
			);
			inputPaths = (
				"${PODS_PODFILE_DIR_PATH}/Podfile.lock",
				"${PODS_ROOT}/Manifest.lock",
			);
			name = "[CP] Check Pods Manifest.lock";
			outputFileListPaths = (
			);
			outputPaths = (
				"$(DERIVED_FILE_DIR)/Pods-TodaysInabaMVP-TodaysInabaMVPUITests-checkManifestLockResult.txt",
			);
			runOnlyForDeploymentPostprocessing = 0;
			shellPath = /bin/sh;
			shellScript = "diff \"${PODS_PODFILE_DIR_PATH}/Podfile.lock\" \"${PODS_ROOT}/Manifest.lock\" > /dev/null\nif [ $? != 0 ] ; then\n    # print error to STDERR\n    echo \"error: The sandbox is not in sync with the Podfile.lock. Run 'pod install' or update your CocoaPods installation.\" >&2\n    exit 1\nfi\n# This output is used by Xcode 'outputs' to avoid re-running this script phase.\necho \"SUCCESS\" > \"${SCRIPT_OUTPUT_FILE_0}\"\n";
			showEnvVarsInLog = 0;
		};
/* End PBXShellScriptBuildPhase section */

/* Begin PBXSourcesBuildPhase section */
		59358CAB25205E17004E39F7 /* Sources */ = {
			isa = PBXSourcesBuildPhase;
			buildActionMask = 2147483647;
			files = (
				59B3838B2532055000EA3E20 /* APIModel.swift in Sources */,
				59B3838A2532055000EA3E20 /* GoogleData.swift in Sources */,
				59358CB325205E17004E39F7 /* AppDelegate.swift in Sources */,
				59B383642532048B00EA3E20 /* Extension+Storyboard.swift in Sources */,
				59B383892532055000EA3E20 /* UserDefaultsModel.swift in Sources */,
				59B383A92532058300EA3E20 /* TopPresenter.swift in Sources */,
				59B3838C2532055000EA3E20 /* API.swift in Sources */,
				59B383AA2532058300EA3E20 /* ResultViewModel.swift in Sources */,
				59B383A42532058300EA3E20 /* ViewController.swift in Sources */,
				59B383A82532058300EA3E20 /* HistoryView.swift in Sources */,
				59358CB525205E17004E39F7 /* SceneDelegate.swift in Sources */,
				59B383AB2532058300EA3E20 /* HistoryViewModel.swift in Sources */,
				59B383A62532058300EA3E20 /* ResultViewController.swift in Sources */,
			);
			runOnlyForDeploymentPostprocessing = 0;
		};
		59358CC125205E17004E39F7 /* Sources */ = {
			isa = PBXSourcesBuildPhase;
			buildActionMask = 2147483647;
			files = (
				59358CCA25205E17004E39F7 /* TodaysInabaMVPTests.swift in Sources */,
			);
			runOnlyForDeploymentPostprocessing = 0;
		};
		59358CCC25205E17004E39F7 /* Sources */ = {
			isa = PBXSourcesBuildPhase;
			buildActionMask = 2147483647;
			files = (
				59358CD525205E17004E39F7 /* TodaysInabaMVPUITests.swift in Sources */,
			);
			runOnlyForDeploymentPostprocessing = 0;
		};
/* End PBXSourcesBuildPhase section */

/* Begin PBXTargetDependency section */
		59358CC725205E17004E39F7 /* PBXTargetDependency */ = {
			isa = PBXTargetDependency;
			target = 59358CAE25205E17004E39F7 /* TodaysInabaMVP */;
			targetProxy = 59358CC625205E17004E39F7 /* PBXContainerItemProxy */;
		};
		59358CD225205E17004E39F7 /* PBXTargetDependency */ = {
			isa = PBXTargetDependency;
			target = 59358CAE25205E17004E39F7 /* TodaysInabaMVP */;
			targetProxy = 59358CD125205E17004E39F7 /* PBXContainerItemProxy */;
		};
/* End PBXTargetDependency section */

/* Begin PBXVariantGroup section */
		59358CBD25205E17004E39F7 /* LaunchScreen.storyboard */ = {
			isa = PBXVariantGroup;
			children = (
				59358CBE25205E17004E39F7 /* Base */,
			);
			name = LaunchScreen.storyboard;
			sourceTree = "<group>";
		};
		59B383962532058300EA3E20 /* Main.storyboard */ = {
			isa = PBXVariantGroup;
			children = (
				59B383972532058300EA3E20 /* Base */,
			);
			name = Main.storyboard;
			sourceTree = "<group>";
		};
/* End PBXVariantGroup section */

/* Begin XCBuildConfiguration section */
		59358CD725205E17004E39F7 /* Debug */ = {
			isa = XCBuildConfiguration;
			buildSettings = {
				ALWAYS_SEARCH_USER_PATHS = NO;
				CLANG_ANALYZER_NONNULL = YES;
				CLANG_ANALYZER_NUMBER_OBJECT_CONVERSION = YES_AGGRESSIVE;
				CLANG_CXX_LANGUAGE_STANDARD = "gnu++14";
				CLANG_CXX_LIBRARY = "libc++";
				CLANG_ENABLE_MODULES = YES;
				CLANG_ENABLE_OBJC_ARC = YES;
				CLANG_ENABLE_OBJC_WEAK = YES;
				CLANG_WARN_BLOCK_CAPTURE_AUTORELEASING = YES;
				CLANG_WARN_BOOL_CONVERSION = YES;
				CLANG_WARN_COMMA = YES;
				CLANG_WARN_CONSTANT_CONVERSION = YES;
				CLANG_WARN_DEPRECATED_OBJC_IMPLEMENTATIONS = YES;
				CLANG_WARN_DIRECT_OBJC_ISA_USAGE = YES_ERROR;
				CLANG_WARN_DOCUMENTATION_COMMENTS = YES;
				CLANG_WARN_EMPTY_BODY = YES;
				CLANG_WARN_ENUM_CONVERSION = YES;
				CLANG_WARN_INFINITE_RECURSION = YES;
				CLANG_WARN_INT_CONVERSION = YES;
				CLANG_WARN_NON_LITERAL_NULL_CONVERSION = YES;
				CLANG_WARN_OBJC_IMPLICIT_RETAIN_SELF = YES;
				CLANG_WARN_OBJC_LITERAL_CONVERSION = YES;
				CLANG_WARN_OBJC_ROOT_CLASS = YES_ERROR;
				CLANG_WARN_QUOTED_INCLUDE_IN_FRAMEWORK_HEADER = YES;
				CLANG_WARN_RANGE_LOOP_ANALYSIS = YES;
				CLANG_WARN_STRICT_PROTOTYPES = YES;
				CLANG_WARN_SUSPICIOUS_MOVE = YES;
				CLANG_WARN_UNGUARDED_AVAILABILITY = YES_AGGRESSIVE;
				CLANG_WARN_UNREACHABLE_CODE = YES;
				CLANG_WARN__DUPLICATE_METHOD_MATCH = YES;
				COPY_PHASE_STRIP = NO;
				DEBUG_INFORMATION_FORMAT = dwarf;
				ENABLE_STRICT_OBJC_MSGSEND = YES;
				ENABLE_TESTABILITY = YES;
				GCC_C_LANGUAGE_STANDARD = gnu11;
				GCC_DYNAMIC_NO_PIC = NO;
				GCC_NO_COMMON_BLOCKS = YES;
				GCC_OPTIMIZATION_LEVEL = 0;
				GCC_PREPROCESSOR_DEFINITIONS = (
					"DEBUG=1",
					"$(inherited)",
				);
				GCC_WARN_64_TO_32_BIT_CONVERSION = YES;
				GCC_WARN_ABOUT_RETURN_TYPE = YES_ERROR;
				GCC_WARN_UNDECLARED_SELECTOR = YES;
				GCC_WARN_UNINITIALIZED_AUTOS = YES_AGGRESSIVE;
				GCC_WARN_UNUSED_FUNCTION = YES;
				GCC_WARN_UNUSED_VARIABLE = YES;
				IPHONEOS_DEPLOYMENT_TARGET = 14.0;
				MTL_ENABLE_DEBUG_INFO = INCLUDE_SOURCE;
				MTL_FAST_MATH = YES;
				ONLY_ACTIVE_ARCH = YES;
				SDKROOT = iphoneos;
				SWIFT_ACTIVE_COMPILATION_CONDITIONS = DEBUG;
				SWIFT_OPTIMIZATION_LEVEL = "-Onone";
			};
			name = Debug;
		};
		59358CD825205E17004E39F7 /* Release */ = {
			isa = XCBuildConfiguration;
			buildSettings = {
				ALWAYS_SEARCH_USER_PATHS = NO;
				CLANG_ANALYZER_NONNULL = YES;
				CLANG_ANALYZER_NUMBER_OBJECT_CONVERSION = YES_AGGRESSIVE;
				CLANG_CXX_LANGUAGE_STANDARD = "gnu++14";
				CLANG_CXX_LIBRARY = "libc++";
				CLANG_ENABLE_MODULES = YES;
				CLANG_ENABLE_OBJC_ARC = YES;
				CLANG_ENABLE_OBJC_WEAK = YES;
				CLANG_WARN_BLOCK_CAPTURE_AUTORELEASING = YES;
				CLANG_WARN_BOOL_CONVERSION = YES;
				CLANG_WARN_COMMA = YES;
				CLANG_WARN_CONSTANT_CONVERSION = YES;
				CLANG_WARN_DEPRECATED_OBJC_IMPLEMENTATIONS = YES;
				CLANG_WARN_DIRECT_OBJC_ISA_USAGE = YES_ERROR;
				CLANG_WARN_DOCUMENTATION_COMMENTS = YES;
				CLANG_WARN_EMPTY_BODY = YES;
				CLANG_WARN_ENUM_CONVERSION = YES;
				CLANG_WARN_INFINITE_RECURSION = YES;
				CLANG_WARN_INT_CONVERSION = YES;
				CLANG_WARN_NON_LITERAL_NULL_CONVERSION = YES;
				CLANG_WARN_OBJC_IMPLICIT_RETAIN_SELF = YES;
				CLANG_WARN_OBJC_LITERAL_CONVERSION = YES;
				CLANG_WARN_OBJC_ROOT_CLASS = YES_ERROR;
				CLANG_WARN_QUOTED_INCLUDE_IN_FRAMEWORK_HEADER = YES;
				CLANG_WARN_RANGE_LOOP_ANALYSIS = YES;
				CLANG_WARN_STRICT_PROTOTYPES = YES;
				CLANG_WARN_SUSPICIOUS_MOVE = YES;
				CLANG_WARN_UNGUARDED_AVAILABILITY = YES_AGGRESSIVE;
				CLANG_WARN_UNREACHABLE_CODE = YES;
				CLANG_WARN__DUPLICATE_METHOD_MATCH = YES;
				COPY_PHASE_STRIP = NO;
				DEBUG_INFORMATION_FORMAT = "dwarf-with-dsym";
				ENABLE_NS_ASSERTIONS = NO;
				ENABLE_STRICT_OBJC_MSGSEND = YES;
				GCC_C_LANGUAGE_STANDARD = gnu11;
				GCC_NO_COMMON_BLOCKS = YES;
				GCC_WARN_64_TO_32_BIT_CONVERSION = YES;
				GCC_WARN_ABOUT_RETURN_TYPE = YES_ERROR;
				GCC_WARN_UNDECLARED_SELECTOR = YES;
				GCC_WARN_UNINITIALIZED_AUTOS = YES_AGGRESSIVE;
				GCC_WARN_UNUSED_FUNCTION = YES;
				GCC_WARN_UNUSED_VARIABLE = YES;
				IPHONEOS_DEPLOYMENT_TARGET = 14.0;
				MTL_ENABLE_DEBUG_INFO = NO;
				MTL_FAST_MATH = YES;
				SDKROOT = iphoneos;
				SWIFT_COMPILATION_MODE = wholemodule;
				SWIFT_OPTIMIZATION_LEVEL = "-O";
				VALIDATE_PRODUCT = YES;
			};
			name = Release;
		};
		59358CDA25205E17004E39F7 /* Debug */ = {
			isa = XCBuildConfiguration;
			baseConfigurationReference = 9E878D094A1B97C82EADC246 /* Pods-TodaysInabaMVP.debug.xcconfig */;
			buildSettings = {
				ASSETCATALOG_COMPILER_APPICON_NAME = AppIcon;
				ASSETCATALOG_COMPILER_GLOBAL_ACCENT_COLOR_NAME = AccentColor;
				CODE_SIGN_STYLE = Automatic;
				DEVELOPMENT_TEAM = 37MFDT4LMQ;
				INFOPLIST_FILE = TodaysInabaMVP/Info.plist;
				IPHONEOS_DEPLOYMENT_TARGET = 14.0;
				LD_RUNPATH_SEARCH_PATHS = (
					"$(inherited)",
					"@executable_path/Frameworks",
				);
				PRODUCT_BUNDLE_IDENTIFIER = com.fuksae.TodaysInabaMVP;
				PRODUCT_NAME = "$(TARGET_NAME)";
				SWIFT_VERSION = 5.0;
				TARGETED_DEVICE_FAMILY = "1,2";
			};
			name = Debug;
		};
		59358CDB25205E17004E39F7 /* Release */ = {
			isa = XCBuildConfiguration;
			baseConfigurationReference = 3CF12A0F8869335F107203A3 /* Pods-TodaysInabaMVP.release.xcconfig */;
			buildSettings = {
				ASSETCATALOG_COMPILER_APPICON_NAME = AppIcon;
				ASSETCATALOG_COMPILER_GLOBAL_ACCENT_COLOR_NAME = AccentColor;
				CODE_SIGN_STYLE = Automatic;
				DEVELOPMENT_TEAM = 37MFDT4LMQ;
				INFOPLIST_FILE = TodaysInabaMVP/Info.plist;
				IPHONEOS_DEPLOYMENT_TARGET = 14.0;
				LD_RUNPATH_SEARCH_PATHS = (
					"$(inherited)",
					"@executable_path/Frameworks",
				);
				PRODUCT_BUNDLE_IDENTIFIER = com.fuksae.TodaysInabaMVP;
				PRODUCT_NAME = "$(TARGET_NAME)";
				SWIFT_VERSION = 5.0;
				TARGETED_DEVICE_FAMILY = "1,2";
			};
			name = Release;
		};
		59358CDD25205E17004E39F7 /* Debug */ = {
			isa = XCBuildConfiguration;
			baseConfigurationReference = 7E757F12B63D21C7B09D491C /* Pods-TodaysInabaMVPTests.debug.xcconfig */;
			buildSettings = {
				ALWAYS_EMBED_SWIFT_STANDARD_LIBRARIES = YES;
				BUNDLE_LOADER = "$(TEST_HOST)";
				CODE_SIGN_STYLE = Automatic;
				DEVELOPMENT_TEAM = G8Q84RGJJC;
				INFOPLIST_FILE = TodaysInabaMVPTests/Info.plist;
				IPHONEOS_DEPLOYMENT_TARGET = 14.0;
				LD_RUNPATH_SEARCH_PATHS = (
					"$(inherited)",
					"@executable_path/Frameworks",
					"@loader_path/Frameworks",
				);
				PRODUCT_BUNDLE_IDENTIFIER = com.fuksae.TodaysInabaMVPTests;
				PRODUCT_NAME = "$(TARGET_NAME)";
				SWIFT_VERSION = 5.0;
				TARGETED_DEVICE_FAMILY = "1,2";
				TEST_HOST = "$(BUILT_PRODUCTS_DIR)/TodaysInabaMVP.app/TodaysInabaMVP";
			};
			name = Debug;
		};
		59358CDE25205E17004E39F7 /* Release */ = {
			isa = XCBuildConfiguration;
			baseConfigurationReference = 7B15F72BB010090AE83ECCAC /* Pods-TodaysInabaMVPTests.release.xcconfig */;
			buildSettings = {
				ALWAYS_EMBED_SWIFT_STANDARD_LIBRARIES = YES;
				BUNDLE_LOADER = "$(TEST_HOST)";
				CODE_SIGN_STYLE = Automatic;
				DEVELOPMENT_TEAM = G8Q84RGJJC;
				INFOPLIST_FILE = TodaysInabaMVPTests/Info.plist;
				IPHONEOS_DEPLOYMENT_TARGET = 14.0;
				LD_RUNPATH_SEARCH_PATHS = (
					"$(inherited)",
					"@executable_path/Frameworks",
					"@loader_path/Frameworks",
				);
				PRODUCT_BUNDLE_IDENTIFIER = com.fuksae.TodaysInabaMVPTests;
				PRODUCT_NAME = "$(TARGET_NAME)";
				SWIFT_VERSION = 5.0;
				TARGETED_DEVICE_FAMILY = "1,2";
				TEST_HOST = "$(BUILT_PRODUCTS_DIR)/TodaysInabaMVP.app/TodaysInabaMVP";
			};
			name = Release;
		};
		59358CE025205E17004E39F7 /* Debug */ = {
			isa = XCBuildConfiguration;
			baseConfigurationReference = 850F8501F6FD8974CDB4DA7E /* Pods-TodaysInabaMVP-TodaysInabaMVPUITests.debug.xcconfig */;
			buildSettings = {
				ALWAYS_EMBED_SWIFT_STANDARD_LIBRARIES = YES;
				CODE_SIGN_STYLE = Automatic;
				DEVELOPMENT_TEAM = G8Q84RGJJC;
				INFOPLIST_FILE = TodaysInabaMVPUITests/Info.plist;
				LD_RUNPATH_SEARCH_PATHS = (
					"$(inherited)",
					"@executable_path/Frameworks",
					"@loader_path/Frameworks",
				);
				PRODUCT_BUNDLE_IDENTIFIER = com.fuksae.TodaysInabaMVPUITests;
				PRODUCT_NAME = "$(TARGET_NAME)";
				SWIFT_VERSION = 5.0;
				TARGETED_DEVICE_FAMILY = "1,2";
				TEST_TARGET_NAME = TodaysInabaMVP;
			};
			name = Debug;
		};
		59358CE125205E17004E39F7 /* Release */ = {
			isa = XCBuildConfiguration;
			baseConfigurationReference = 61673666E996E98D199351F1 /* Pods-TodaysInabaMVP-TodaysInabaMVPUITests.release.xcconfig */;
			buildSettings = {
				ALWAYS_EMBED_SWIFT_STANDARD_LIBRARIES = YES;
				CODE_SIGN_STYLE = Automatic;
				DEVELOPMENT_TEAM = G8Q84RGJJC;
				INFOPLIST_FILE = TodaysInabaMVPUITests/Info.plist;
				LD_RUNPATH_SEARCH_PATHS = (
					"$(inherited)",
					"@executable_path/Frameworks",
					"@loader_path/Frameworks",
				);
				PRODUCT_BUNDLE_IDENTIFIER = com.fuksae.TodaysInabaMVPUITests;
				PRODUCT_NAME = "$(TARGET_NAME)";
				SWIFT_VERSION = 5.0;
				TARGETED_DEVICE_FAMILY = "1,2";
				TEST_TARGET_NAME = TodaysInabaMVP;
			};
			name = Release;
		};
/* End XCBuildConfiguration section */

/* Begin XCConfigurationList section */
		59358CAA25205E17004E39F7 /* Build configuration list for PBXProject "TodaysInabaMVP" */ = {
			isa = XCConfigurationList;
			buildConfigurations = (
				59358CD725205E17004E39F7 /* Debug */,
				59358CD825205E17004E39F7 /* Release */,
			);
			defaultConfigurationIsVisible = 0;
			defaultConfigurationName = Release;
		};
		59358CD925205E17004E39F7 /* Build configuration list for PBXNativeTarget "TodaysInabaMVP" */ = {
			isa = XCConfigurationList;
			buildConfigurations = (
				59358CDA25205E17004E39F7 /* Debug */,
				59358CDB25205E17004E39F7 /* Release */,
			);
			defaultConfigurationIsVisible = 0;
			defaultConfigurationName = Release;
		};
		59358CDC25205E17004E39F7 /* Build configuration list for PBXNativeTarget "TodaysInabaMVPTests" */ = {
			isa = XCConfigurationList;
			buildConfigurations = (
				59358CDD25205E17004E39F7 /* Debug */,
				59358CDE25205E17004E39F7 /* Release */,
			);
			defaultConfigurationIsVisible = 0;
			defaultConfigurationName = Release;
		};
		59358CDF25205E17004E39F7 /* Build configuration list for PBXNativeTarget "TodaysInabaMVPUITests" */ = {
			isa = XCConfigurationList;
			buildConfigurations = (
				59358CE025205E17004E39F7 /* Debug */,
				59358CE125205E17004E39F7 /* Release */,
			);
			defaultConfigurationIsVisible = 0;
			defaultConfigurationName = Release;
		};
/* End XCConfigurationList section */
	};
	rootObject = 59358CA725205E17004E39F7 /* Project object */;
}
